
Microsoft Visual Studio Solution File, Format Version 12.00
# Visual Studio Version 16
VisualStudioVersion = 16.0.30803.129
MinimumVisualStudioVersion = 10.0.40219.1
Project("{9A19103F-16F7-4668-BE54-9A1E7A4F7556}") = "VostokZapadApp", "VostokZapadApp\VostokZapadApp.csproj", "{44C58A2B-578D-4235-8E4D-094B73B37377}"
EndProject
Project("{2150E333-8FDC-42A3-9474-1A3956D46DE8}") = "Domain", "Domain", "{D443475C-6DC5-4C83-9499-FE43F2EC7590}"
EndProject
Project("{2150E333-8FDC-42A3-9474-1A3956D46DE8}") = "Infrastructure", "Infrastructure", "{31970753-E7FF-45BF-8132-BAC8891761F7}"
EndProject
Project("{2150E333-8FDC-42A3-9474-1A3956D46DE8}") = "Services", "Services", "{3CD0150C-0094-4350-B0D0-0490B1B3E70A}"
EndProject
Project("{9A19103F-16F7-4668-BE54-9A1E7A4F7556}") = "VostokZapadApp.Domain.Core", "VostokZapadApp.Domain.Core\VostokZapadApp.Domain.Core.csproj", "{23EDE189-4D69-458E-B104-BCE85D11A9C5}"
EndProject
Project("{9A19103F-16F7-4668-BE54-9A1E7A4F7556}") = "VostokZapadApp.Domain.Interfaces", "VostokZapadApp.Domain.Interfaces\VostokZapadApp.Domain.Interfaces.csproj", "{992A369B-5D03-4138-B5A8-BE092E01E0D2}"
EndProject
Project("{9A19103F-16F7-4668-BE54-9A1E7A4F7556}") = "VostokZapadApp.Services.Interfaces", "VostokZapadApp.Services.Interfaces\VostokZapadApp.Services.Interfaces.csproj", "{82ADBE0E-441B-4CBC-B850-1B3E508EE338}"
EndProject
Project("{9A19103F-16F7-4668-BE54-9A1E7A4F7556}") = "VostokZapadApp.Infrastructure.Data", "VostokZapadApp.Infrastructure.Data\VostokZapadApp.Infrastructure.Data.csproj", "{18B3B5C8-FD17-4F87-8321-F127280B1A53}"
EndProject
Project("{9A19103F-16F7-4668-BE54-9A1E7A4F7556}") = "VostokZapadApp.Infrastructure.Business", "VostokZapadApp.Infrastructure.Business\VostokZapadApp.Infrastructure.Business.csproj", "{FF8B9FDC-30EB-4E8B-B9A1-A1AD7AF004F3}"
EndProject
Project("{FAE04EC0-301F-11D3-BF4B-00C04F79EFBC}") = "VostokZapadApp.Infrastructure.DataTests", "VostokZapadApp.Infrastructure.DataTests\VostokZapadApp.Infrastructure.DataTests.csproj", "{5B486895-1B76-4DDD-81D2-0147FB6A80AE}"
EndProject
Global
	GlobalSection(SolutionConfigurationPlatforms) = preSolution
		Debug|Any CPU = Debug|Any CPU
		Release|Any CPU = Release|Any CPU
	EndGlobalSection
	GlobalSection(ProjectConfigurationPlatforms) = postSolution
		{44C58A2B-578D-4235-8E4D-094B73B37377}.Debug|Any CPU.ActiveCfg = Debug|Any CPU
		{44C58A2B-578D-4235-8E4D-094B73B37377}.Debug|Any CPU.Build.0 = Debug|Any CPU
		{44C58A2B-578D-4235-8E4D-094B73B37377}.Release|Any CPU.ActiveCfg = Release|Any CPU
		{44C58A2B-578D-4235-8E4D-094B73B37377}.Release|Any CPU.Build.0 = Release|Any CPU
		{23EDE189-4D69-458E-B104-BCE85D11A9C5}.Debug|Any CPU.ActiveCfg = Debug|Any CPU
		{23EDE189-4D69-458E-B104-BCE85D11A9C5}.Debug|Any CPU.Build.0 = Debug|Any CPU
		{23EDE189-4D69-458E-B104-BCE85D11A9C5}.Release|Any CPU.ActiveCfg = Release|Any CPU
		{23EDE189-4D69-458E-B104-BCE85D11A9C5}.Release|Any CPU.Build.0 = Release|Any CPU
		{992A369B-5D03-4138-B5A8-BE092E01E0D2}.Debug|Any CPU.ActiveCfg = Debug|Any CPU
		{992A369B-5D03-4138-B5A8-BE092E01E0D2}.Debug|Any CPU.Build.0 = Debug|Any CPU
		{992A369B-5D03-4138-B5A8-BE092E01E0D2}.Release|Any CPU.ActiveCfg = Release|Any CPU
		{992A369B-5D03-4138-B5A8-BE092E01E0D2}.Release|Any CPU.Build.0 = Release|Any CPU
		{82ADBE0E-441B-4CBC-B850-1B3E508EE338}.Debug|Any CPU.ActiveCfg = Debug|Any CPU
		{82ADBE0E-441B-4CBC-B850-1B3E508EE338}.Debug|Any CPU.Build.0 = Debug|Any CPU
		{82ADBE0E-441B-4CBC-B850-1B3E508EE338}.Release|Any CPU.ActiveCfg = Release|Any CPU
		{82ADBE0E-441B-4CBC-B850-1B3E508EE338}.Release|Any CPU.Build.0 = Release|Any CPU
		{18B3B5C8-FD17-4F87-8321-F127280B1A53}.Debug|Any CPU.ActiveCfg = Debug|Any CPU
		{18B3B5C8-FD17-4F87-8321-F127280B1A53}.Debug|Any CPU.Build.0 = Debug|Any CPU
		{18B3B5C8-FD17-4F87-8321-F127280B1A53}.Release|Any CPU.ActiveCfg = Release|Any CPU
		{18B3B5C8-FD17-4F87-8321-F127280B1A53}.Release|Any CPU.Build.0 = Release|Any CPU
		{FF8B9FDC-30EB-4E8B-B9A1-A1AD7AF004F3}.Debug|Any CPU.ActiveCfg = Debug|Any CPU
		{FF8B9FDC-30EB-4E8B-B9A1-A1AD7AF004F3}.Debug|Any CPU.Build.0 = Debug|Any CPU
		{FF8B9FDC-30EB-4E8B-B9A1-A1AD7AF004F3}.Release|Any CPU.ActiveCfg = Release|Any CPU
		{FF8B9FDC-30EB-4E8B-B9A1-A1AD7AF004F3}.Release|Any CPU.Build.0 = Release|Any CPU
		{5B486895-1B76-4DDD-81D2-0147FB6A80AE}.Debug|Any CPU.ActiveCfg = Debug|Any CPU
		{5B486895-1B76-4DDD-81D2-0147FB6A80AE}.Debug|Any CPU.Build.0 = Debug|Any CPU
		{5B486895-1B76-4DDD-81D2-0147FB6A80AE}.Release|Any CPU.ActiveCfg = Release|Any CPU
		{5B486895-1B76-4DDD-81D2-0147FB6A80AE}.Release|Any CPU.Build.0 = Release|Any CPU
	EndGlobalSection
	GlobalSection(SolutionProperties) = preSolution
		HideSolutionNode = FALSE
	EndGlobalSection
	GlobalSection(NestedProjects) = preSolution
		{23EDE189-4D69-458E-B104-BCE85D11A9C5} = {D443475C-6DC5-4C83-9499-FE43F2EC7590}
		{992A369B-5D03-4138-B5A8-BE092E01E0D2} = {D443475C-6DC5-4C83-9499-FE43F2EC7590}
		{82ADBE0E-441B-4CBC-B850-1B3E508EE338} = {3CD0150C-0094-4350-B0D0-0490B1B3E70A}
		{18B3B5C8-FD17-4F87-8321-F127280B1A53} = {31970753-E7FF-45BF-8132-BAC8891761F7}
		{FF8B9FDC-30EB-4E8B-B9A1-A1AD7AF004F3} = {31970753-E7FF-45BF-8132-BAC8891761F7}
	EndGlobalSection
	GlobalSection(ExtensibilityGlobals) = postSolution
		SolutionGuid = {179B2AC5-2C48-443C-9C44-A1D2363E3E98}
	EndGlobalSection
EndGlobal
